
Microsoft Visual Studio Solution File, Format Version 12.00
# Visual Studio Version 17
VisualStudioVersion = 17.10.34928.147
MinimumVisualStudioVersion = 10.0.40219.1
Project("{FAE04EC0-301F-11D3-BF4B-00C04F79EFBC}") = "working_with_strings", "working_with_strings\working_with_strings.csproj", "{2EECE09B-0867-4E73-A77E-A68A684D3E36}"
EndProject
Global
	GlobalSection(SolutionConfigurationPlatforms) = preSolution
		Debug|Any CPU = Debug|Any CPU
		Release|Any CPU = Release|Any CPU
	EndGlobalSection
	GlobalSection(ProjectConfigurationPlatforms) = postSolution
		{2EECE09B-0867-4E73-A77E-A68A684D3E36}.Debug|Any CPU.ActiveCfg = Debug|Any CPU
		{2EECE09B-0867-4E73-A77E-A68A684D3E36}.Debug|Any CPU.Build.0 = Debug|Any CPU
		{2EECE09B-0867-4E73-A77E-A68A684D3E36}.Release|Any CPU.ActiveCfg = Release|Any CPU
		{2EECE09B-0867-4E73-A77E-A68A684D3E36}.Release|Any CPU.Build.0 = Release|Any CPU
	EndGlobalSection
	GlobalSection(SolutionProperties) = preSolution
		HideSolutionNode = FALSE
	EndGlobalSection
	GlobalSection(ExtensibilityGlobals) = postSolution
		SolutionGuid = {092634C4-C1BF-486E-A1CD-48525AFC4EDA}
	EndGlobalSection
EndGlobal
